// !$*UTF8*$!
{
	archiveVersion = 1;
	classes = {
	};
	objectVersion = 90;
	objects = {

/* Begin PBXBuildFile section */
		F39F36542E8F189C00D30939 /* LidAngleAudioEngine.swift in Sources */ = {isa = PBXBuildFile; fileRef = F39F36532E8F188B00D30939 /* LidAngleAudioEngine.swift */; };
		F39F36552E8F18A200D30939 /* LidAngleVM.swift in Sources */ = {isa = PBXBuildFile; fileRef = F39F364E2E8F17DB00D30939 /* LidAngleVM.swift */; };
		F39F36562E8F18A200D30939 /* ContentView.swift in Sources */ = {isa = PBXBuildFile; fileRef = F39F364D2E8F17DB00D30939 /* ContentView.swift */; };
		F39F36572E8F18AC00D30939 /* CreakAudioEngine.swift in Sources */ = {isa = PBXBuildFile; fileRef = F39F36502E8F17DB00D30939 /* CreakAudioEngine.swift */; };
		F39F36582E8F18AC00D30939 /* AudioMode.swift in Sources */ = {isa = PBXBuildFile; fileRef = F39F36522E8F187F00D30939 /* AudioMode.swift */; };
		F39F36592E8F18AC00D30939 /* ThereminAudioEngine.swift in Sources */ = {isa = PBXBuildFile; fileRef = F39F36512E8F17DB00D30939 /* ThereminAudioEngine.swift */; };
		F39F365A2E8F18AC00D30939 /* LidAngleSensor.swift in Sources */ = {isa = PBXBuildFile; fileRef = F39F364F2E8F17DB00D30939 /* LidAngleSensor.swift */; };
		F39F365B2E8F18B000D30939 /* LidAngleSensorApp.swift in Sources */ = {isa = PBXBuildFile; fileRef = F39F364A2E8F17DB00D30939 /* LidAngleSensorApp.swift */; };
		F39F365C2E8F190D00D30939 /* Assets.xcassets in Resources */ = {isa = PBXBuildFile; fileRef = F39F364B2E8F17DB00D30939 /* Assets.xcassets */; };
		F39F365D2E8F191B00D30939 /* CREAK_LOOP.wav in Resources */ = {isa = PBXBuildFile; fileRef = F39F364C2E8F17DB00D30939 /* CREAK_LOOP.wav */; };
/* End PBXBuildFile section */

/* Begin PBXFileReference section */
		EA6BE6462E6CA1E1003F66D4 /* LidAngleSensor.app */ = {isa = PBXFileReference; explicitFileType = wrapper.application; includeInIndex = 0; path = LidAngleSensor.app; sourceTree = BUILT_PRODUCTS_DIR; };
		F39F364A2E8F17DB00D30939 /* LidAngleSensorApp.swift */ = {isa = PBXFileReference; lastKnownFileType = sourcecode.swift; path = LidAngleSensorApp.swift; sourceTree = "<group>"; };
		F39F364B2E8F17DB00D30939 /* Assets.xcassets */ = {isa = PBXFileReference; lastKnownFileType = folder.assetcatalog; path = Assets.xcassets; sourceTree = "<group>"; };
		F39F364C2E8F17DB00D30939 /* CREAK_LOOP.wav */ = {isa = PBXFileReference; lastKnownFileType = audio.wav; path = CREAK_LOOP.wav; sourceTree = "<group>"; };
		F39F364D2E8F17DB00D30939 /* ContentView.swift */ = {isa = PBXFileReference; lastKnownFileType = sourcecode.swift; path = ContentView.swift; sourceTree = "<group>"; };
		F39F364E2E8F17DB00D30939 /* LidAngleVM.swift */ = {isa = PBXFileReference; lastKnownFileType = sourcecode.swift; path = LidAngleVM.swift; sourceTree = "<group>"; };
		F39F364F2E8F17DB00D30939 /* LidAngleSensor.swift */ = {isa = PBXFileReference; lastKnownFileType = sourcecode.swift; path = LidAngleSensor.swift; sourceTree = "<group>"; };
		F39F36502E8F17DB00D30939 /* CreakAudioEngine.swift */ = {isa = PBXFileReference; lastKnownFileType = sourcecode.swift; path = CreakAudioEngine.swift; sourceTree = "<group>"; };
		F39F36512E8F17DB00D30939 /* ThereminAudioEngine.swift */ = {isa = PBXFileReference; lastKnownFileType = sourcecode.swift; path = ThereminAudioEngine.swift; sourceTree = "<group>"; };
		F39F36522E8F187F00D30939 /* AudioMode.swift */ = {isa = PBXFileReference; lastKnownFileType = sourcecode.swift; path = AudioMode.swift; sourceTree = "<group>"; };
		F39F36532E8F188B00D30939 /* LidAngleAudioEngine.swift */ = {isa = PBXFileReference; lastKnownFileType = sourcecode.swift; path = LidAngleAudioEngine.swift; sourceTree = "<group>"; };
/* End PBXFileReference section */

/* Begin PBXFrameworksBuildPhase section */
		EA6BE6432E6CA1E1003F66D4 /* Frameworks */ = {
			isa = PBXFrameworksBuildPhase;
			files = (
			);
		};
/* End PBXFrameworksBuildPhase section */

/* Begin PBXGroup section */
		EA6BE63D2E6CA1E1003F66D4 = {
			isa = PBXGroup;
			children = (
				F39F36402E8F17D400D30939 /* LidAngleSensor */,
				EA6BE6472E6CA1E1003F66D4 /* Products */,
			);
			sourceTree = "<group>";
		};
		EA6BE6472E6CA1E1003F66D4 /* Products */ = {
			isa = PBXGroup;
			children = (
				EA6BE6462E6CA1E1003F66D4 /* LidAngleSensor.app */,
			);
			name = Products;
			sourceTree = "<group>";
		};
		F39F36402E8F17D400D30939 /* LidAngleSensor */ = {
			isa = PBXGroup;
			children = (
				F39F364A2E8F17DB00D30939 /* LidAngleSensorApp.swift */,
				F39F364B2E8F17DB00D30939 /* Assets.xcassets */,
				F39F364C2E8F17DB00D30939 /* CREAK_LOOP.wav */,
				F39F364D2E8F17DB00D30939 /* ContentView.swift */,
				F39F364E2E8F17DB00D30939 /* LidAngleVM.swift */,
				F39F36532E8F188B00D30939 /* LidAngleAudioEngine.swift */,
				F39F36522E8F187F00D30939 /* AudioMode.swift */,
				F39F364F2E8F17DB00D30939 /* LidAngleSensor.swift */,
				F39F36502E8F17DB00D30939 /* CreakAudioEngine.swift */,
				F39F36512E8F17DB00D30939 /* ThereminAudioEngine.swift */,
			);
			path = LidAngleSensor;
			sourceTree = "<group>";
		};
/* End PBXGroup section */

/* Begin PBXNativeTarget section */
		EA6BE6452E6CA1E1003F66D4 /* LidAngleSensor */ = {
			isa = PBXNativeTarget;
			buildConfigurationList = EA6BE6552E6CA1E1003F66D4 /* Build configuration list for PBXNativeTarget "LidAngleSensor" */;
			buildPhases = (
				EA6BE6422E6CA1E1003F66D4 /* Sources */,
				EA6BE6432E6CA1E1003F66D4 /* Frameworks */,
				EA6BE6442E6CA1E1003F66D4 /* Resources */,
			);
			buildRules = (
			);
			name = LidAngleSensor;
			productName = LidAngleSensor;
			productReference = EA6BE6462E6CA1E1003F66D4 /* LidAngleSensor.app */;
			productType = "com.apple.product-type.application";
		};
/* End PBXNativeTarget section */

/* Begin PBXProject section */
		EA6BE63E2E6CA1E1003F66D4 /* Project object */ = {
			isa = PBXProject;
			attributes = {
				BuildIndependentTargetsInParallel = 1;
				LastUpgradeCheck = 2600;
				TargetAttributes = {
					EA6BE6452E6CA1E1003F66D4 = {
						CreatedOnToolsVersion = 26.0;
					};
				};
			};
			buildConfigurationList = EA6BE6412E6CA1E1003F66D4 /* Build configuration list for PBXProject "LidAngleSensor" */;
			developmentRegion = en;
			hasScannedForEncodings = 0;
			knownRegions = (
				en,
				Base,
			);
			mainGroup = EA6BE63D2E6CA1E1003F66D4;
			minimizedProjectReferenceProxies = 1;
			preferredProjectObjectVersion = 90;
			productRefGroup = EA6BE6472E6CA1E1003F66D4 /* Products */;
			projectDirPath = "";
			projectRoot = "";
			targets = (
				EA6BE6452E6CA1E1003F66D4 /* LidAngleSensor */,
			);
		};
/* End PBXProject section */

/* Begin PBXResourcesBuildPhase section */
		EA6BE6442E6CA1E1003F66D4 /* Resources */ = {
			isa = PBXResourcesBuildPhase;
			files = (
				F39F365C2E8F190D00D30939 /* Assets.xcassets in Resources */,
				F39F365D2E8F191B00D30939 /* CREAK_LOOP.wav in Resources */,
			);
		};
/* End PBXResourcesBuildPhase section */

/* Begin PBXSourcesBuildPhase section */
		EA6BE6422E6CA1E1003F66D4 /* Sources */ = {
			isa = PBXSourcesBuildPhase;
			files = (
				F39F36552E8F18A200D30939 /* LidAngleVM.swift in Sources */,
				F39F36572E8F18AC00D30939 /* CreakAudioEngine.swift in Sources */,
				F39F36582E8F18AC00D30939 /* AudioMode.swift in Sources */,
				F39F36592E8F18AC00D30939 /* ThereminAudioEngine.swift in Sources */,
				F39F365A2E8F18AC00D30939 /* LidAngleSensor.swift in Sources */,
				F39F365B2E8F18B000D30939 /* LidAngleSensorApp.swift in Sources */,
				F39F36562E8F18A200D30939 /* ContentView.swift in Sources */,
				F39F36542E8F189C00D30939 /* LidAngleAudioEngine.swift in Sources */,
			);
		};
/* End PBXSourcesBuildPhase section */

/* Begin XCBuildConfiguration section */
		EA6BE6532E6CA1E1003F66D4 /* Debug configuration for PBXProject "LidAngleSensor" */ = {
			isa = XCBuildConfiguration;
			buildSettings = {
				ALWAYS_SEARCH_USER_PATHS = NO;
				ASSETCATALOG_COMPILER_GENERATE_SWIFT_ASSET_SYMBOL_EXTENSIONS = YES;
				CLANG_ANALYZER_NONNULL = YES;
				CLANG_ANALYZER_NUMBER_OBJECT_CONVERSION = YES_AGGRESSIVE;
				CLANG_CXX_LANGUAGE_STANDARD = "gnu++20";
				CLANG_ENABLE_MODULES = YES;
				CLANG_ENABLE_OBJC_ARC = YES;
				CLANG_ENABLE_OBJC_WEAK = YES;
				CLANG_WARN_BLOCK_CAPTURE_AUTORELEASING = YES;
				CLANG_WARN_BOOL_CONVERSION = YES;
				CLANG_WARN_COMMA = YES;
				CLANG_WARN_CONSTANT_CONVERSION = YES;
				CLANG_WARN_DEPRECATED_OBJC_IMPLEMENTATIONS = YES;
				CLANG_WARN_DIRECT_OBJC_ISA_USAGE = YES_ERROR;
				CLANG_WARN_DOCUMENTATION_COMMENTS = YES;
				CLANG_WARN_EMPTY_BODY = YES;
				CLANG_WARN_ENUM_CONVERSION = YES;
				CLANG_WARN_INFINITE_RECURSION = YES;
				CLANG_WARN_INT_CONVERSION = YES;
				CLANG_WARN_NON_LITERAL_NULL_CONVERSION = YES;
				CLANG_WARN_OBJC_IMPLICIT_RETAIN_SELF = YES;
				CLANG_WARN_OBJC_LITERAL_CONVERSION = YES;
				CLANG_WARN_OBJC_ROOT_CLASS = YES_ERROR;
				CLANG_WARN_QUOTED_INCLUDE_IN_FRAMEWORK_HEADER = YES;
				CLANG_WARN_RANGE_LOOP_ANALYSIS = YES;
				CLANG_WARN_STRICT_PROTOTYPES = YES;
				CLANG_WARN_SUSPICIOUS_MOVE = YES;
				CLANG_WARN_UNGUARDED_AVAILABILITY = YES_AGGRESSIVE;
				CLANG_WARN_UNREACHABLE_CODE = YES;
				CLANG_WARN__DUPLICATE_METHOD_MATCH = YES;
				COPY_PHASE_STRIP = NO;
				DEBUG_INFORMATION_FORMAT = dwarf;
				DEVELOPMENT_TEAM = CG56CG5WCQ;
				ENABLE_STRICT_OBJC_MSGSEND = YES;
				ENABLE_TESTABILITY = YES;
				ENABLE_USER_SCRIPT_SANDBOXING = YES;
				GCC_C_LANGUAGE_STANDARD = gnu17;
				GCC_DYNAMIC_NO_PIC = NO;
				GCC_NO_COMMON_BLOCKS = YES;
				GCC_OPTIMIZATION_LEVEL = 0;
				GCC_PREPROCESSOR_DEFINITIONS = (
					"DEBUG=1",
					"$(inherited)",
				);
				GCC_WARN_64_TO_32_BIT_CONVERSION = YES;
				GCC_WARN_ABOUT_RETURN_TYPE = YES_ERROR;
				GCC_WARN_UNDECLARED_SELECTOR = YES;
				GCC_WARN_UNINITIALIZED_AUTOS = YES_AGGRESSIVE;
				GCC_WARN_UNUSED_FUNCTION = YES;
				GCC_WARN_UNUSED_VARIABLE = YES;
				LOCALIZATION_PREFERS_STRING_CATALOGS = YES;
				MACOSX_DEPLOYMENT_TARGET = 26.0;
				MTL_ENABLE_DEBUG_INFO = INCLUDE_SOURCE;
				MTL_FAST_MATH = YES;
				ONLY_ACTIVE_ARCH = YES;
				SDKROOT = macosx;
				SWIFT_VERSION = 6.0;
			};
			name = Debug;
		};
		EA6BE6542E6CA1E1003F66D4 /* Release configuration for PBXProject "LidAngleSensor" */ = {
			isa = XCBuildConfiguration;
			buildSettings = {
				ALWAYS_SEARCH_USER_PATHS = NO;
				ASSETCATALOG_COMPILER_GENERATE_SWIFT_ASSET_SYMBOL_EXTENSIONS = YES;
				CLANG_ANALYZER_NONNULL = YES;
				CLANG_ANALYZER_NUMBER_OBJECT_CONVERSION = YES_AGGRESSIVE;
				CLANG_CXX_LANGUAGE_STANDARD = "gnu++20";
				CLANG_ENABLE_MODULES = YES;
				CLANG_ENABLE_OBJC_ARC = YES;
				CLANG_ENABLE_OBJC_WEAK = YES;
				CLANG_WARN_BLOCK_CAPTURE_AUTORELEASING = YES;
				CLANG_WARN_BOOL_CONVERSION = YES;
				CLANG_WARN_COMMA = YES;
				CLANG_WARN_CONSTANT_CONVERSION = YES;
				CLANG_WARN_DEPRECATED_OBJC_IMPLEMENTATIONS = YES;
				CLANG_WARN_DIRECT_OBJC_ISA_USAGE = YES_ERROR;
				CLANG_WARN_DOCUMENTATION_COMMENTS = YES;
				CLANG_WARN_EMPTY_BODY = YES;
				CLANG_WARN_ENUM_CONVERSION = YES;
				CLANG_WARN_INFINITE_RECURSION = YES;
				CLANG_WARN_INT_CONVERSION = YES;
				CLANG_WARN_NON_LITERAL_NULL_CONVERSION = YES;
				CLANG_WARN_OBJC_IMPLICIT_RETAIN_SELF = YES;
				CLANG_WARN_OBJC_LITERAL_CONVERSION = YES;
				CLANG_WARN_OBJC_ROOT_CLASS = YES_ERROR;
				CLANG_WARN_QUOTED_INCLUDE_IN_FRAMEWORK_HEADER = YES;
				CLANG_WARN_RANGE_LOOP_ANALYSIS = YES;
				CLANG_WARN_STRICT_PROTOTYPES = YES;
				CLANG_WARN_SUSPICIOUS_MOVE = YES;
				CLANG_WARN_UNGUARDED_AVAILABILITY = YES_AGGRESSIVE;
				CLANG_WARN_UNREACHABLE_CODE = YES;
				CLANG_WARN__DUPLICATE_METHOD_MATCH = YES;
				COPY_PHASE_STRIP = NO;
				DEBUG_INFORMATION_FORMAT = "dwarf-with-dsym";
				DEVELOPMENT_TEAM = CG56CG5WCQ;
				ENABLE_NS_ASSERTIONS = NO;
				ENABLE_STRICT_OBJC_MSGSEND = YES;
				ENABLE_USER_SCRIPT_SANDBOXING = YES;
				GCC_C_LANGUAGE_STANDARD = gnu17;
				GCC_NO_COMMON_BLOCKS = YES;
				GCC_WARN_64_TO_32_BIT_CONVERSION = YES;
				GCC_WARN_ABOUT_RETURN_TYPE = YES_ERROR;
				GCC_WARN_UNDECLARED_SELECTOR = YES;
				GCC_WARN_UNINITIALIZED_AUTOS = YES_AGGRESSIVE;
				GCC_WARN_UNUSED_FUNCTION = YES;
				GCC_WARN_UNUSED_VARIABLE = YES;
				LOCALIZATION_PREFERS_STRING_CATALOGS = YES;
				MACOSX_DEPLOYMENT_TARGET = 26.0;
				MTL_ENABLE_DEBUG_INFO = NO;
				MTL_FAST_MATH = YES;
				SDKROOT = macosx;
				SWIFT_VERSION = 6.0;
			};
			name = Release;
		};
		EA6BE6562E6CA1E1003F66D4 /* Debug configuration for PBXNativeTarget "LidAngleSensor" */ = {
			isa = XCBuildConfiguration;
			buildSettings = {
				ASSETCATALOG_COMPILER_APPICON_NAME = AppIcon;
				ASSETCATALOG_COMPILER_GLOBAL_ACCENT_COLOR_NAME = AccentColor;
				AUTOMATION_APPLE_EVENTS = NO;
				CODE_SIGN_STYLE = Automatic;
				COMBINE_HIDPI_IMAGES = YES;
				CURRENT_PROJECT_VERSION = 0;
				DEVELOPMENT_TEAM = 8FQUA2F388;
				ENABLE_APP_SANDBOX = NO;
				ENABLE_HARDENED_RUNTIME = YES;
				ENABLE_RESOURCE_ACCESS_AUDIO_INPUT = NO;
				ENABLE_RESOURCE_ACCESS_CALENDARS = NO;
				ENABLE_RESOURCE_ACCESS_CAMERA = NO;
				ENABLE_RESOURCE_ACCESS_CONTACTS = NO;
				ENABLE_RESOURCE_ACCESS_LOCATION = NO;
				ENABLE_RESOURCE_ACCESS_PHOTO_LIBRARY = NO;
				GENERATE_INFOPLIST_FILE = YES;
				INFOPLIST_KEY_CFBundleDisplayName = "Lid Angle Sensor";
				INFOPLIST_KEY_LSApplicationCategoryType = "public.app-category.developer-tools";
				INFOPLIST_KEY_NSHumanReadableCopyright = "";
				INFOPLIST_KEY_NSMainNibFile = MainMenu;
				INFOPLIST_KEY_NSPrincipalClass = NSApplication;
				LD_RUNPATH_SEARCH_PATHS = (
					"$(inherited)",
					"@executable_path/../Frameworks",
				);
				MACOSX_DEPLOYMENT_TARGET = 12.0;
				MARKETING_VERSION = 26.0;
				PRODUCT_BUNDLE_IDENTIFIER = "dev.topscrech.Lid-Angle-Sensor";
				PRODUCT_NAME = "$(TARGET_NAME)";
				REGISTER_APP_GROUPS = YES;
				RUNTIME_EXCEPTION_ALLOW_DYLD_ENVIRONMENT_VARIABLES = NO;
				RUNTIME_EXCEPTION_ALLOW_JIT = NO;
				RUNTIME_EXCEPTION_ALLOW_UNSIGNED_EXECUTABLE_MEMORY = NO;
				RUNTIME_EXCEPTION_DEBUGGING_TOOL = NO;
				RUNTIME_EXCEPTION_DISABLE_EXECUTABLE_PAGE_PROTECTION = NO;
				RUNTIME_EXCEPTION_DISABLE_LIBRARY_VALIDATION = NO;
				STRING_CATALOG_GENERATE_SYMBOLS = YES;
				SWIFT_EMIT_LOC_STRINGS = YES;
			};
			name = Debug;
		};
		EA6BE6572E6CA1E1003F66D4 /* Release configuration for PBXNativeTarget "LidAngleSensor" */ = {
			isa = XCBuildConfiguration;
			buildSettings = {
				ASSETCATALOG_COMPILER_APPICON_NAME = AppIcon;
				ASSETCATALOG_COMPILER_GLOBAL_ACCENT_COLOR_NAME = AccentColor;
				AUTOMATION_APPLE_EVENTS = NO;
				CODE_SIGN_STYLE = Automatic;
				COMBINE_HIDPI_IMAGES = YES;
				CURRENT_PROJECT_VERSION = 0;
				DEVELOPMENT_TEAM = 8FQUA2F388;
				ENABLE_APP_SANDBOX = NO;
				ENABLE_HARDENED_RUNTIME = YES;
				ENABLE_RESOURCE_ACCESS_AUDIO_INPUT = NO;
				ENABLE_RESOURCE_ACCESS_CALENDARS = NO;
				ENABLE_RESOURCE_ACCESS_CAMERA = NO;
				ENABLE_RESOURCE_ACCESS_CONTACTS = NO;
				ENABLE_RESOURCE_ACCESS_LOCATION = NO;
				ENABLE_RESOURCE_ACCESS_PHOTO_LIBRARY = NO;
				GENERATE_INFOPLIST_FILE = YES;
				INFOPLIST_KEY_CFBundleDisplayName = "Lid Angle Sensor";
				INFOPLIST_KEY_LSApplicationCategoryType = "public.app-category.developer-tools";
				INFOPLIST_KEY_NSHumanReadableCopyright = "";
				INFOPLIST_KEY_NSMainNibFile = MainMenu;
				INFOPLIST_KEY_NSPrincipalClass = NSApplication;
				LD_RUNPATH_SEARCH_PATHS = (
					"$(inherited)",
					"@executable_path/../Frameworks",
				);
				MACOSX_DEPLOYMENT_TARGET = 12.0;
				MARKETING_VERSION = 26.0;
				PRODUCT_BUNDLE_IDENTIFIER = "dev.topscrech.Lid-Angle-Sensor";
				PRODUCT_NAME = "$(TARGET_NAME)";
				REGISTER_APP_GROUPS = YES;
				RUNTIME_EXCEPTION_ALLOW_DYLD_ENVIRONMENT_VARIABLES = NO;
				RUNTIME_EXCEPTION_ALLOW_JIT = NO;
				RUNTIME_EXCEPTION_ALLOW_UNSIGNED_EXECUTABLE_MEMORY = NO;
				RUNTIME_EXCEPTION_DEBUGGING_TOOL = NO;
				RUNTIME_EXCEPTION_DISABLE_EXECUTABLE_PAGE_PROTECTION = NO;
				RUNTIME_EXCEPTION_DISABLE_LIBRARY_VALIDATION = NO;
				STRING_CATALOG_GENERATE_SYMBOLS = YES;
				SWIFT_EMIT_LOC_STRINGS = YES;
			};
			name = Release;
		};
/* End XCBuildConfiguration section */

/* Begin XCConfigurationList section */
		EA6BE6412E6CA1E1003F66D4 /* Build configuration list for PBXProject "LidAngleSensor" */ = {
			isa = XCConfigurationList;
			buildConfigurations = (
				EA6BE6532E6CA1E1003F66D4 /* Debug configuration for PBXProject "LidAngleSensor" */,
				EA6BE6542E6CA1E1003F66D4 /* Release configuration for PBXProject "LidAngleSensor" */,
			);
			defaultConfigurationName = Release;
		};
		EA6BE6552E6CA1E1003F66D4 /* Build configuration list for PBXNativeTarget "LidAngleSensor" */ = {
			isa = XCConfigurationList;
			buildConfigurations = (
				EA6BE6562E6CA1E1003F66D4 /* Debug configuration for PBXNativeTarget "LidAngleSensor" */,
				EA6BE6572E6CA1E1003F66D4 /* Release configuration for PBXNativeTarget "LidAngleSensor" */,
			);
			defaultConfigurationName = Release;
		};
/* End XCConfigurationList section */
	};
	rootObject = EA6BE63E2E6CA1E1003F66D4 /* Project object */;
}
